
Microsoft Visual Studio Solution File, Format Version 12.00
# Visual Studio Version 17
VisualStudioVersion = 17.0.31903.59
MinimumVisualStudioVersion = 10.0.40219.1
Project("{FAE04EC0-301F-11D3-BF4B-00C04F79EFBC}") = "Yoink", "Yoink\Yoink.csproj", "{B37BB6CF-6BCC-4B3D-B52A-2BD1A8C7B293}"
EndProject
Project("{FAE04EC0-301F-11D3-BF4B-00C04F79EFBC}") = "Yoink.Tests", "Yoink.Tests\Yoink.Tests.csproj", "{77C5C2B6-BE88-4C7E-8FFB-B13DBE7C6C7B}"
EndProject
Global
	GlobalSection(SolutionConfigurationPlatforms) = preSolution
		Debug|Any CPU = Debug|Any CPU
		Debug|x64 = Debug|x64
		Debug|x86 = Debug|x86
		Release|Any CPU = Release|Any CPU
		Release|x64 = Release|x64
		Release|x86 = Release|x86
	EndGlobalSection
	GlobalSection(ProjectConfigurationPlatforms) = postSolution
		{B37BB6CF-6BCC-4B3D-B52A-2BD1A8C7B293}.Debug|Any CPU.ActiveCfg = Debug|Any CPU
		{B37BB6CF-6BCC-4B3D-B52A-2BD1A8C7B293}.Debug|Any CPU.Build.0 = Debug|Any CPU
		{B37BB6CF-6BCC-4B3D-B52A-2BD1A8C7B293}.Debug|x64.ActiveCfg = Debug|Any CPU
		{B37BB6CF-6BCC-4B3D-B52A-2BD1A8C7B293}.Debug|x64.Build.0 = Debug|Any CPU
		{B37BB6CF-6BCC-4B3D-B52A-2BD1A8C7B293}.Debug|x86.ActiveCfg = Debug|Any CPU
		{B37BB6CF-6BCC-4B3D-B52A-2BD1A8C7B293}.Debug|x86.Build.0 = Debug|Any CPU
		{B37BB6CF-6BCC-4B3D-B52A-2BD1A8C7B293}.Release|Any CPU.ActiveCfg = Release|Any CPU
		{B37BB6CF-6BCC-4B3D-B52A-2BD1A8C7B293}.Release|Any CPU.Build.0 = Release|Any CPU
		{B37BB6CF-6BCC-4B3D-B52A-2BD1A8C7B293}.Release|x64.ActiveCfg = Release|Any CPU
		{B37BB6CF-6BCC-4B3D-B52A-2BD1A8C7B293}.Release|x64.Build.0 = Release|Any CPU
		{B37BB6CF-6BCC-4B3D-B52A-2BD1A8C7B293}.Release|x86.ActiveCfg = Release|Any CPU
		{B37BB6CF-6BCC-4B3D-B52A-2BD1A8C7B293}.Release|x86.Build.0 = Release|Any CPU
		{77C5C2B6-BE88-4C7E-8FFB-B13DBE7C6C7B}.Debug|Any CPU.ActiveCfg = Debug|Any CPU
		{77C5C2B6-BE88-4C7E-8FFB-B13DBE7C6C7B}.Debug|Any CPU.Build.0 = Debug|Any CPU
		{77C5C2B6-BE88-4C7E-8FFB-B13DBE7C6C7B}.Debug|x64.ActiveCfg = Debug|Any CPU
		{77C5C2B6-BE88-4C7E-8FFB-B13DBE7C6C7B}.Debug|x64.Build.0 = Debug|Any CPU
		{77C5C2B6-BE88-4C7E-8FFB-B13DBE7C6C7B}.Debug|x86.ActiveCfg = Debug|Any CPU
		{77C5C2B6-BE88-4C7E-8FFB-B13DBE7C6C7B}.Debug|x86.Build.0 = Debug|Any CPU
		{77C5C2B6-BE88-4C7E-8FFB-B13DBE7C6C7B}.Release|Any CPU.ActiveCfg = Release|Any CPU
		{77C5C2B6-BE88-4C7E-8FFB-B13DBE7C6C7B}.Release|Any CPU.Build.0 = Release|Any CPU
		{77C5C2B6-BE88-4C7E-8FFB-B13DBE7C6C7B}.Release|x64.ActiveCfg = Release|Any CPU
		{77C5C2B6-BE88-4C7E-8FFB-B13DBE7C6C7B}.Release|x64.Build.0 = Release|Any CPU
		{77C5C2B6-BE88-4C7E-8FFB-B13DBE7C6C7B}.Release|x86.ActiveCfg = Release|Any CPU
		{77C5C2B6-BE88-4C7E-8FFB-B13DBE7C6C7B}.Release|x86.Build.0 = Release|Any CPU
	EndGlobalSection
	GlobalSection(SolutionProperties) = preSolution
		HideSolutionNode = FALSE
	EndGlobalSection
EndGlobal
